// !$*UTF8*$!
{
	archiveVersion = 1;
	classes = {
	};
	objectVersion = 50;
	objects = {

/* Begin PBXBuildFile section */
		B51D59BA256D50AD00872151 /* ExplanationView.swift in Sources */ = {isa = PBXBuildFile; fileRef = B51D59B9256D50AD00872151 /* ExplanationView.swift */; };
		B5A8C2A1253A267E0020DECB /* AppDelegate.swift in Sources */ = {isa = PBXBuildFile; fileRef = B5A8C2A0253A267E0020DECB /* AppDelegate.swift */; };
		B5A8C2A3253A267E0020DECB /* SceneDelegate.swift in Sources */ = {isa = PBXBuildFile; fileRef = B5A8C2A2253A267E0020DECB /* SceneDelegate.swift */; };
		B5A8C2A5253A267E0020DECB /* ViewController.swift in Sources */ = {isa = PBXBuildFile; fileRef = B5A8C2A4253A267E0020DECB /* ViewController.swift */; };
		B5A8C2A8253A267E0020DECB /* Main.storyboard in Resources */ = {isa = PBXBuildFile; fileRef = B5A8C2A6253A267E0020DECB /* Main.storyboard */; };
		B5A8C2AA253A26820020DECB /* Assets.xcassets in Resources */ = {isa = PBXBuildFile; fileRef = B5A8C2A9253A26820020DECB /* Assets.xcassets */; };
		B5A8C2AD253A26820020DECB /* LaunchScreen.storyboard in Resources */ = {isa = PBXBuildFile; fileRef = B5A8C2AB253A26820020DECB /* LaunchScreen.storyboard */; };
		B5A8C2B5253A28070020DECB /* ImageOfTheDayModel.swift in Sources */ = {isa = PBXBuildFile; fileRef = B5A8C2B4253A28070020DECB /* ImageOfTheDayModel.swift */; };
		B5A8C2B7253A28750020DECB /* NetworkManager.swift in Sources */ = {isa = PBXBuildFile; fileRef = B5A8C2B6253A28750020DECB /* NetworkManager.swift */; };
/* End PBXBuildFile section */

/* Begin PBXFileReference section */
		B51D59B9256D50AD00872151 /* ExplanationView.swift */ = {isa = PBXFileReference; lastKnownFileType = sourcecode.swift; path = ExplanationView.swift; sourceTree = "<group>"; };
		B5A8C29D253A267E0020DECB /* APOD.app */ = {isa = PBXFileReference; explicitFileType = wrapper.application; includeInIndex = 0; path = APOD.app; sourceTree = BUILT_PRODUCTS_DIR; };
		B5A8C2A0253A267E0020DECB /* AppDelegate.swift */ = {isa = PBXFileReference; lastKnownFileType = sourcecode.swift; path = AppDelegate.swift; sourceTree = "<group>"; };
		B5A8C2A2253A267E0020DECB /* SceneDelegate.swift */ = {isa = PBXFileReference; lastKnownFileType = sourcecode.swift; path = SceneDelegate.swift; sourceTree = "<group>"; };
		B5A8C2A4253A267E0020DECB /* ViewController.swift */ = {isa = PBXFileReference; lastKnownFileType = sourcecode.swift; path = ViewController.swift; sourceTree = "<group>"; };
		B5A8C2A7253A267E0020DECB /* Base */ = {isa = PBXFileReference; lastKnownFileType = file.storyboard; name = Base; path = Base.lproj/Main.storyboard; sourceTree = "<group>"; };
		B5A8C2A9253A26820020DECB /* Assets.xcassets */ = {isa = PBXFileReference; lastKnownFileType = folder.assetcatalog; path = Assets.xcassets; sourceTree = "<group>"; };
		B5A8C2AC253A26820020DECB /* Base */ = {isa = PBXFileReference; lastKnownFileType = file.storyboard; name = Base; path = Base.lproj/LaunchScreen.storyboard; sourceTree = "<group>"; };
		B5A8C2AE253A26820020DECB /* Info.plist */ = {isa = PBXFileReference; lastKnownFileType = text.plist.xml; path = Info.plist; sourceTree = "<group>"; };
		B5A8C2B4253A28070020DECB /* ImageOfTheDayModel.swift */ = {isa = PBXFileReference; lastKnownFileType = sourcecode.swift; path = ImageOfTheDayModel.swift; sourceTree = "<group>"; };
		B5A8C2B6253A28750020DECB /* NetworkManager.swift */ = {isa = PBXFileReference; lastKnownFileType = sourcecode.swift; path = NetworkManager.swift; sourceTree = "<group>"; };
/* End PBXFileReference section */

/* Begin PBXFrameworksBuildPhase section */
		B5A8C29A253A267E0020DECB /* Frameworks */ = {
			isa = PBXFrameworksBuildPhase;
			buildActionMask = 2147483647;
			files = (
			);
			runOnlyForDeploymentPostprocessing = 0;
		};
/* End PBXFrameworksBuildPhase section */

/* Begin PBXGroup section */
		B5A8C294253A267E0020DECB = {
			isa = PBXGroup;
			children = (
				B5A8C29F253A267E0020DECB /* APOD */,
				B5A8C29E253A267E0020DECB /* Products */,
			);
			sourceTree = "<group>";
		};
		B5A8C29E253A267E0020DECB /* Products */ = {
			isa = PBXGroup;
			children = (
				B5A8C29D253A267E0020DECB /* APOD.app */,
			);
			name = Products;
			sourceTree = "<group>";
		};
		B5A8C29F253A267E0020DECB /* APOD */ = {
			isa = PBXGroup;
			children = (
				B5A8C2A0253A267E0020DECB /* AppDelegate.swift */,
				B5A8C2A2253A267E0020DECB /* SceneDelegate.swift */,
				B5A8C2A4253A267E0020DECB /* ViewController.swift */,
				B5A8C2B4253A28070020DECB /* ImageOfTheDayModel.swift */,
				B5A8C2B6253A28750020DECB /* NetworkManager.swift */,
				B51D59B9256D50AD00872151 /* ExplanationView.swift */,
				B5A8C2A6253A267E0020DECB /* Main.storyboard */,
				B5A8C2A9253A26820020DECB /* Assets.xcassets */,
				B5A8C2AB253A26820020DECB /* LaunchScreen.storyboard */,
				B5A8C2AE253A26820020DECB /* Info.plist */,
			);
			path = APOD;
			sourceTree = "<group>";
		};
/* End PBXGroup section */

/* Begin PBXNativeTarget section */
		B5A8C29C253A267E0020DECB /* APOD */ = {
			isa = PBXNativeTarget;
			buildConfigurationList = B5A8C2B1253A26820020DECB /* Build configuration list for PBXNativeTarget "APOD" */;
			buildPhases = (
				B5A8C299253A267E0020DECB /* Sources */,
				B5A8C29A253A267E0020DECB /* Frameworks */,
				B5A8C29B253A267E0020DECB /* Resources */,
			);
			buildRules = (
			);
			dependencies = (
			);
			name = APOD;
			productName = APOD;
			productReference = B5A8C29D253A267E0020DECB /* APOD.app */;
			productType = "com.apple.product-type.application";
		};
/* End PBXNativeTarget section */

/* Begin PBXProject section */
		B5A8C295253A267E0020DECB /* Project object */ = {
			isa = PBXProject;
			attributes = {
				LastSwiftUpdateCheck = 1140;
				LastUpgradeCheck = 1140;
				ORGANIZATIONNAME = "Bogdan Zarioiu";
				TargetAttributes = {
					B5A8C29C253A267E0020DECB = {
						CreatedOnToolsVersion = 11.4.1;
					};
				};
			};
			buildConfigurationList = B5A8C298253A267E0020DECB /* Build configuration list for PBXProject "APOD" */;
			compatibilityVersion = "Xcode 9.3";
			developmentRegion = en;
			hasScannedForEncodings = 0;
			knownRegions = (
				en,
				Base,
			);
			mainGroup = B5A8C294253A267E0020DECB;
			productRefGroup = B5A8C29E253A267E0020DECB /* Products */;
			projectDirPath = "";
			projectRoot = "";
			targets = (
				B5A8C29C253A267E0020DECB /* APOD */,
			);
		};
/* End PBXProject section */

/* Begin PBXResourcesBuildPhase section */
		B5A8C29B253A267E0020DECB /* Resources */ = {
			isa = PBXResourcesBuildPhase;
			buildActionMask = 2147483647;
			files = (
				B5A8C2AD253A26820020DECB /* LaunchScreen.storyboard in Resources */,
				B5A8C2AA253A26820020DECB /* Assets.xcassets in Resources */,
				B5A8C2A8253A267E0020DECB /* Main.storyboard in Resources */,
			);
			runOnlyForDeploymentPostprocessing = 0;
		};
/* End PBXResourcesBuildPhase section */

/* Begin PBXSourcesBuildPhase section */
		B5A8C299253A267E0020DECB /* Sources */ = {
			isa = PBXSourcesBuildPhase;
			buildActionMask = 2147483647;
			files = (
				B5A8C2A5253A267E0020DECB /* ViewController.swift in Sources */,
				B5A8C2A1253A267E0020DECB /* AppDelegate.swift in Sources */,
				B5A8C2B7253A28750020DECB /* NetworkManager.swift in Sources */,
				B5A8C2A3253A267E0020DECB /* SceneDelegate.swift in Sources */,
				B51D59BA256D50AD00872151 /* ExplanationView.swift in Sources */,
				B5A8C2B5253A28070020DECB /* ImageOfTheDayModel.swift in Sources */,
			);
			runOnlyForDeploymentPostprocessing = 0;
		};
/* End PBXSourcesBuildPhase section */

/* Begin PBXVariantGroup section */
		B5A8C2A6253A267E0020DECB /* Main.storyboard */ = {
			isa = PBXVariantGroup;
			children = (
				B5A8C2A7253A267E0020DECB /* Base */,
			);
			name = Main.storyboard;
			sourceTree = "<group>";
		};
		B5A8C2AB253A26820020DECB /* LaunchScreen.storyboard */ = {
			isa = PBXVariantGroup;
			children = (
				B5A8C2AC253A26820020DECB /* Base */,
			);
			name = LaunchScreen.storyboard;
			sourceTree = "<group>";
		};
/* End PBXVariantGroup section */

/* Begin XCBuildConfiguration section */
		B5A8C2AF253A26820020DECB /* Debug */ = {
			isa = XCBuildConfiguration;
			buildSettings = {
				ALWAYS_SEARCH_USER_PATHS = NO;
				CLANG_ANALYZER_NONNULL = YES;
				CLANG_ANALYZER_NUMBER_OBJECT_CONVERSION = YES_AGGRESSIVE;
				CLANG_CXX_LANGUAGE_STANDARD = "gnu++14";
				CLANG_CXX_LIBRARY = "libc++";
				CLANG_ENABLE_MODULES = YES;
				CLANG_ENABLE_OBJC_ARC = YES;
				CLANG_ENABLE_OBJC_WEAK = YES;
				CLANG_WARN_BLOCK_CAPTURE_AUTORELEASING = YES;
				CLANG_WARN_BOOL_CONVERSION = YES;
				CLANG_WARN_COMMA = YES;
				CLANG_WARN_CONSTANT_CONVERSION = YES;
				CLANG_WARN_DEPRECATED_OBJC_IMPLEMENTATIONS = YES;
				CLANG_WARN_DIRECT_OBJC_ISA_USAGE = YES_ERROR;
				CLANG_WARN_DOCUMENTATION_COMMENTS = YES;
				CLANG_WARN_EMPTY_BODY = YES;
				CLANG_WARN_ENUM_CONVERSION = YES;
				CLANG_WARN_INFINITE_RECURSION = YES;
				CLANG_WARN_INT_CONVERSION = YES;
				CLANG_WARN_NON_LITERAL_NULL_CONVERSION = YES;
				CLANG_WARN_OBJC_IMPLICIT_RETAIN_SELF = YES;
				CLANG_WARN_OBJC_LITERAL_CONVERSION = YES;
				CLANG_WARN_OBJC_ROOT_CLASS = YES_ERROR;
				CLANG_WARN_RANGE_LOOP_ANALYSIS = YES;
				CLANG_WARN_STRICT_PROTOTYPES = YES;
				CLANG_WARN_SUSPICIOUS_MOVE = YES;
				CLANG_WARN_UNGUARDED_AVAILABILITY = YES_AGGRESSIVE;
				CLANG_WARN_UNREACHABLE_CODE = YES;
				CLANG_WARN__DUPLICATE_METHOD_MATCH = YES;
				COPY_PHASE_STRIP = NO;
				DEBUG_INFORMATION_FORMAT = dwarf;
				ENABLE_STRICT_OBJC_MSGSEND = YES;
				ENABLE_TESTABILITY = YES;
				GCC_C_LANGUAGE_STANDARD = gnu11;
				GCC_DYNAMIC_NO_PIC = NO;
				GCC_NO_COMMON_BLOCKS = YES;
				GCC_OPTIMIZATION_LEVEL = 0;
				GCC_PREPROCESSOR_DEFINITIONS = (
					"DEBUG=1",
					"$(inherited)",
				);
				GCC_WARN_64_TO_32_BIT_CONVERSION = YES;
				GCC_WARN_ABOUT_RETURN_TYPE = YES_ERROR;
				GCC_WARN_UNDECLARED_SELECTOR = YES;
				GCC_WARN_UNINITIALIZED_AUTOS = YES_AGGRESSIVE;
				GCC_WARN_UNUSED_FUNCTION = YES;
				GCC_WARN_UNUSED_VARIABLE = YES;
				IPHONEOS_DEPLOYMENT_TARGET = 13.4;
				MTL_ENABLE_DEBUG_INFO = INCLUDE_SOURCE;
				MTL_FAST_MATH = YES;
				ONLY_ACTIVE_ARCH = YES;
				SDKROOT = iphoneos;
				SWIFT_ACTIVE_COMPILATION_CONDITIONS = DEBUG;
				SWIFT_OPTIMIZATION_LEVEL = "-Onone";
			};
			name = Debug;
		};
		B5A8C2B0253A26820020DECB /* Release */ = {
			isa = XCBuildConfiguration;
			buildSettings = {
				ALWAYS_SEARCH_USER_PATHS = NO;
				CLANG_ANALYZER_NONNULL = YES;
				CLANG_ANALYZER_NUMBER_OBJECT_CONVERSION = YES_AGGRESSIVE;
				CLANG_CXX_LANGUAGE_STANDARD = "gnu++14";
				CLANG_CXX_LIBRARY = "libc++";
				CLANG_ENABLE_MODULES = YES;
				CLANG_ENABLE_OBJC_ARC = YES;
				CLANG_ENABLE_OBJC_WEAK = YES;
				CLANG_WARN_BLOCK_CAPTURE_AUTORELEASING = YES;
				CLANG_WARN_BOOL_CONVERSION = YES;
				CLANG_WARN_COMMA = YES;
				CLANG_WARN_CONSTANT_CONVERSION = YES;
				CLANG_WARN_DEPRECATED_OBJC_IMPLEMENTATIONS = YES;
				CLANG_WARN_DIRECT_OBJC_ISA_USAGE = YES_ERROR;
				CLANG_WARN_DOCUMENTATION_COMMENTS = YES;
				CLANG_WARN_EMPTY_BODY = YES;
				CLANG_WARN_ENUM_CONVERSION = YES;
				CLANG_WARN_INFINITE_RECURSION = YES;
				CLANG_WARN_INT_CONVERSION = YES;
				CLANG_WARN_NON_LITERAL_NULL_CONVERSION = YES;
				CLANG_WARN_OBJC_IMPLICIT_RETAIN_SELF = YES;
				CLANG_WARN_OBJC_LITERAL_CONVERSION = YES;
				CLANG_WARN_OBJC_ROOT_CLASS = YES_ERROR;
				CLANG_WARN_RANGE_LOOP_ANALYSIS = YES;
				CLANG_WARN_STRICT_PROTOTYPES = YES;
				CLANG_WARN_SUSPICIOUS_MOVE = YES;
				CLANG_WARN_UNGUARDED_AVAILABILITY = YES_AGGRESSIVE;
				CLANG_WARN_UNREACHABLE_CODE = YES;
				CLANG_WARN__DUPLICATE_METHOD_MATCH = YES;
				COPY_PHASE_STRIP = NO;
				DEBUG_INFORMATION_FORMAT = "dwarf-with-dsym";
				ENABLE_NS_ASSERTIONS = NO;
				ENABLE_STRICT_OBJC_MSGSEND = YES;
				GCC_C_LANGUAGE_STANDARD = gnu11;
				GCC_NO_COMMON_BLOCKS = YES;
				GCC_WARN_64_TO_32_BIT_CONVERSION = YES;
				GCC_WARN_ABOUT_RETURN_TYPE = YES_ERROR;
				GCC_WARN_UNDECLARED_SELECTOR = YES;
				GCC_WARN_UNINITIALIZED_AUTOS = YES_AGGRESSIVE;
				GCC_WARN_UNUSED_FUNCTION = YES;
				GCC_WARN_UNUSED_VARIABLE = YES;
				IPHONEOS_DEPLOYMENT_TARGET = 13.4;
				MTL_ENABLE_DEBUG_INFO = NO;
				MTL_FAST_MATH = YES;
				SDKROOT = iphoneos;
				SWIFT_COMPILATION_MODE = wholemodule;
				SWIFT_OPTIMIZATION_LEVEL = "-O";
				VALIDATE_PRODUCT = YES;
			};
			name = Release;
		};
		B5A8C2B2253A26820020DECB /* Debug */ = {
			isa = XCBuildConfiguration;
			buildSettings = {
				ASSETCATALOG_COMPILER_APPICON_NAME = AppIcon;
				CODE_SIGN_STYLE = Automatic;
				DEVELOPMENT_TEAM = F3S2XGQQQ4;
				INFOPLIST_FILE = APOD/Info.plist;
				LD_RUNPATH_SEARCH_PATHS = (
					"$(inherited)",
					"@executable_path/Frameworks",
				);
				PRODUCT_BUNDLE_IDENTIFIER = com.BogdanZarioiu.APOD;
				PRODUCT_NAME = "$(TARGET_NAME)";
				SWIFT_VERSION = 5.0;
				TARGETED_DEVICE_FAMILY = "1,2";
			};
			name = Debug;
		};
		B5A8C2B3253A26820020DECB /* Release */ = {
			isa = XCBuildConfiguration;
			buildSettings = {
				ASSETCATALOG_COMPILER_APPICON_NAME = AppIcon;
				CODE_SIGN_STYLE = Automatic;
				DEVELOPMENT_TEAM = F3S2XGQQQ4;
				INFOPLIST_FILE = APOD/Info.plist;
				LD_RUNPATH_SEARCH_PATHS = (
					"$(inherited)",
					"@executable_path/Frameworks",
				);
				PRODUCT_BUNDLE_IDENTIFIER = com.BogdanZarioiu.APOD;
				PRODUCT_NAME = "$(TARGET_NAME)";
				SWIFT_VERSION = 5.0;
				TARGETED_DEVICE_FAMILY = "1,2";
			};
			name = Release;
		};
/* End XCBuildConfiguration section */

/* Begin XCConfigurationList section */
		B5A8C298253A267E0020DECB /* Build configuration list for PBXProject "APOD" */ = {
			isa = XCConfigurationList;
			buildConfigurations = (
				B5A8C2AF253A26820020DECB /* Debug */,
				B5A8C2B0253A26820020DECB /* Release */,
			);
			defaultConfigurationIsVisible = 0;
			defaultConfigurationName = Release;
		};
		B5A8C2B1253A26820020DECB /* Build configuration list for PBXNativeTarget "APOD" */ = {
			isa = XCConfigurationList;
			buildConfigurations = (
				B5A8C2B2253A26820020DECB /* Debug */,
				B5A8C2B3253A26820020DECB /* Release */,
			);
			defaultConfigurationIsVisible = 0;
			defaultConfigurationName = Release;
		};
/* End XCConfigurationList section */
	};
	rootObject = B5A8C295253A267E0020DECB /* Project object */;
}
